
Microsoft Visual Studio Solution File, Format Version 12.00
# Visual Studio Version 16
VisualStudioVersion = 16.0.31515.178
MinimumVisualStudioVersion = 10.0.40219.1
Project("{8BC9CEB8-8B4A-11D0-8D11-00A0C91BC942}") = "DataStructures", "DataStructures.vcxproj", "{DFEE226F-7DAB-4FD6-BB44-B97AA6DF4F82}"
EndProject
Global
	GlobalSection(SolutionConfigurationPlatforms) = preSolution
		Debug|x64 = Debug|x64
		Debug|x86 = Debug|x86
		Release|x64 = Release|x64
		Release|x86 = Release|x86
	EndGlobalSection
	GlobalSection(ProjectConfigurationPlatforms) = postSolution
		{DFEE226F-7DAB-4FD6-BB44-B97AA6DF4F82}.Debug|x64.ActiveCfg = Debug|x64
		{DFEE226F-7DAB-4FD6-BB44-B97AA6DF4F82}.Debug|x64.Build.0 = Debug|x64
		{DFEE226F-7DAB-4FD6-BB44-B97AA6DF4F82}.Debug|x86.ActiveCfg = Debug|Win32
		{DFEE226F-7DAB-4FD6-BB44-B97AA6DF4F82}.Debug|x86.Build.0 = Debug|Win32
		{DFEE226F-7DAB-4FD6-BB44-B97AA6DF4F82}.Release|x64.ActiveCfg = Release|x64
		{DFEE226F-7DAB-4FD6-BB44-B97AA6DF4F82}.Release|x64.Build.0 = Release|x64
		{DFEE226F-7DAB-4FD6-BB44-B97AA6DF4F82}.Release|x86.ActiveCfg = Release|Win32
		{DFEE226F-7DAB-4FD6-BB44-B97AA6DF4F82}.Release|x86.Build.0 = Release|Win32
	EndGlobalSection
	GlobalSection(SolutionProperties) = preSolution
		HideSolutionNode = FALSE
	EndGlobalSection
	GlobalSection(ExtensibilityGlobals) = postSolution
		SolutionGuid = {400FDD46-0A50-42DB-8EAF-A574AE6B16A4}
	EndGlobalSection
EndGlobal
